
Microsoft Visual Studio Solution File, Format Version 12.00
# Visual Studio Version 16
VisualStudioVersion = 16.0.29418.71
MinimumVisualStudioVersion = 10.0.40219.1
Project("{9A19103F-16F7-4668-BE54-9A1E7A4F7556}") = "Imhauser.ObjectMapper", "Imhauser.ObjectMapper.csproj", "{09A3067E-7C06-46B6-B76F-57BA532AA668}"
EndProject
Global
	GlobalSection(SolutionConfigurationPlatforms) = preSolution
		Debug|Any CPU = Debug|Any CPU
		Release|Any CPU = Release|Any CPU
	EndGlobalSection
	GlobalSection(ProjectConfigurationPlatforms) = postSolution
		{09A3067E-7C06-46B6-B76F-57BA532AA668}.Debug|Any CPU.ActiveCfg = Debug|Any CPU
		{09A3067E-7C06-46B6-B76F-57BA532AA668}.Debug|Any CPU.Build.0 = Debug|Any CPU
		{09A3067E-7C06-46B6-B76F-57BA532AA668}.Release|Any CPU.ActiveCfg = Release|Any CPU
		{09A3067E-7C06-46B6-B76F-57BA532AA668}.Release|Any CPU.Build.0 = Release|Any CPU
	EndGlobalSection
	GlobalSection(SolutionProperties) = preSolution
		HideSolutionNode = FALSE
	EndGlobalSection
	GlobalSection(ExtensibilityGlobals) = postSolution
		SolutionGuid = {1F82898C-DFC0-42C1-9111-8D6AFFA5C7AB}
	EndGlobalSection
EndGlobal
